PODS:
  - WZShareKit (2.2.0):
    - WZShareKit/Source (= 2.2.0)
  - WZShareKit/Source (2.2.0)

DEPENDENCIES:
  - WZShareKit (from `../`)

EXTERNAL SOURCES:
  WZShareKit:
    :path: "../"

SPEC CHECKSUMS:
  WZShareKit: a81cae84e930a37648359cf49f1f343d8be857b8

PODFILE CHECKSUM: ff3cda76ca14d868c5d282de208652be8bbab3d9

COCOAPODS: 1.9.1
