PODS:
  - WZShareKit (2.2.0):
    - WZShareKit/Source (= 2.2.0)
  - WZShareKit/Source (2.2.0)

DEPENDENCIES:
  - WZShareKit (from `../`)

EXTERNAL SOURCES:
  WZShareKit:
    :path: "../"

SPEC CHECKSUMS:
  WZShareKit: 1b4a8aee2271c8c5a55b4f1f2ebab96bf82a20f3

PODFILE CHECKSUM: ff3cda76ca14d868c5d282de208652be8bbab3d9

COCOAPODS: 1.9.1
